
Microsoft Visual Studio Solution File, Format Version 12.00
Project("{FAE04EC0-301F-11D3-BF4B-00C04F79EFBC}") = "Portkey.Contracts", "src\Portkey.Contracts.csproj", "{6C5EDB5E-FE26-46A5-8295-28B8D190F8D5}"
EndProject
Project("{FAE04EC0-301F-11D3-BF4B-00C04F79EFBC}") = "MultiToken.Rules.DailyLimit", "MultiToken.Rules.DailyLimit\MultiToken.Rules.DailyLimit.csproj", "{869298BC-5DF1-4DF2-A353-ABB87F3DCC53}"
EndProject
Project("{FAE04EC0-301F-11D3-BF4B-00C04F79EFBC}") = "Deployer", "Deployer\Deployer.csproj", "{836E2F48-543F-4A29-9DD9-BCE4AFB4E639}"
EndProject
Global
	GlobalSection(SolutionConfigurationPlatforms) = preSolution
		Debug|Any CPU = Debug|Any CPU
		Release|Any CPU = Release|Any CPU
	EndGlobalSection
	GlobalSection(ProjectConfigurationPlatforms) = postSolution
		{6C5EDB5E-FE26-46A5-8295-28B8D190F8D5}.Debug|Any CPU.ActiveCfg = Debug|Any CPU
		{6C5EDB5E-FE26-46A5-8295-28B8D190F8D5}.Debug|Any CPU.Build.0 = Debug|Any CPU
		{6C5EDB5E-FE26-46A5-8295-28B8D190F8D5}.Release|Any CPU.ActiveCfg = Release|Any CPU
		{6C5EDB5E-FE26-46A5-8295-28B8D190F8D5}.Release|Any CPU.Build.0 = Release|Any CPU
		{869298BC-5DF1-4DF2-A353-ABB87F3DCC53}.Debug|Any CPU.ActiveCfg = Debug|Any CPU
		{869298BC-5DF1-4DF2-A353-ABB87F3DCC53}.Debug|Any CPU.Build.0 = Debug|Any CPU
		{869298BC-5DF1-4DF2-A353-ABB87F3DCC53}.Release|Any CPU.ActiveCfg = Release|Any CPU
		{869298BC-5DF1-4DF2-A353-ABB87F3DCC53}.Release|Any CPU.Build.0 = Release|Any CPU
		{836E2F48-543F-4A29-9DD9-BCE4AFB4E639}.Debug|Any CPU.ActiveCfg = Debug|Any CPU
		{836E2F48-543F-4A29-9DD9-BCE4AFB4E639}.Debug|Any CPU.Build.0 = Debug|Any CPU
		{836E2F48-543F-4A29-9DD9-BCE4AFB4E639}.Release|Any CPU.ActiveCfg = Release|Any CPU
		{836E2F48-543F-4A29-9DD9-BCE4AFB4E639}.Release|Any CPU.Build.0 = Release|Any CPU
	EndGlobalSection
EndGlobal
